{
  "name": "react-universal-ui",
  "version": "0.1.31",
  "lockfileVersion": 1,
  "dependencies": {
    "animated": {
      "version": "0.2.0",
      "resolved": "https://registry.npmjs.org/animated/-/animated-0.2.0.tgz",
      "integrity": "sha1-Gg6W8Jez+8W2TX7dxyO8wKb5djM=",
      "dev": true
    },
    "ansi-regex": {
      "version": "2.1.1",
      "resolved": "https://registry.npmjs.org/ansi-regex/-/ansi-regex-2.1.1.tgz",
      "integrity": "sha1-w7M6te42DYbg5ijwRorn7yfWVN8=",
      "dev": true
    },
    "array-find-index": {
      "version": "1.0.2",
      "resolved": "https://registry.npmjs.org/array-find-index/-/array-find-index-1.0.2.tgz",
      "integrity": "sha1-3wEKoSh+Fku9pvlyOwqWoexBh6E=",
      "dev": true
    },
    "asap": {
      "version": "2.0.5",
      "resolved": "https://registry.npmjs.org/asap/-/asap-2.0.5.tgz",
      "integrity": "sha1-UidltQw1EEkOUtfc/ghe+bqWlY8=",
      "dev": true
    },
    "babel-runtime": {
      "version": "6.23.0",
      "resolved": "https://registry.npmjs.org/babel-runtime/-/babel-runtime-6.23.0.tgz",
      "integrity": "sha1-CpSJ8UTecO+zzkMArM2zKeL8VDs=",
      "dev": true
    },
    "big.js": {
      "version": "3.1.3",
      "resolved": "https://registry.npmjs.org/big.js/-/big.js-3.1.3.tgz",
      "integrity": "sha1-TK2iGTZS6zyp7I5VyQFWacmAaXg=",
      "dev": true
    },
    "bowser": {
      "version": "1.7.0",
      "resolved": "https://registry.npmjs.org/bowser/-/bowser-1.7.0.tgz",
      "integrity": "sha1-Fp3kAYcR+ZQkK/+agAnneh814AM=",
      "dev": true
    },
    "builtin-modules": {
      "version": "1.1.1",
      "resolved": "https://registry.npmjs.org/builtin-modules/-/builtin-modules-1.1.1.tgz",
      "integrity": "sha1-Jw8HbFpywC9bZaR9+Uxf46J4iS8=",
      "dev": true
    },
    "camelcase": {
      "version": "3.0.0",
      "resolved": "https://registry.npmjs.org/camelcase/-/camelcase-3.0.0.tgz",
      "integrity": "sha1-MvxLn82vhF/N9+c7uXysImHwqwo=",
      "dev": true
    },
    "clamp": {
      "version": "https://registry.npmjs.org/clamp/-/clamp-1.0.1.tgz",
      "integrity": "sha1-ZqDmQBGBbjcZaCj9yMjBRzEshjQ=",
      "dev": true
    },
    "cliui": {
      "version": "3.2.0",
      "resolved": "https://registry.npmjs.org/cliui/-/cliui-3.2.0.tgz",
      "integrity": "sha1-EgYBU3qRbSmUD5NNo7SNWFo5IT0=",
      "dev": true
    },
    "code-point-at": {
      "version": "1.1.0",
      "resolved": "https://registry.npmjs.org/code-point-at/-/code-point-at-1.1.0.tgz",
      "integrity": "sha1-DQcLTQQ6W+ozovGkDi7bPZpMz3c=",
      "dev": true
    },
    "core-js": {
      "version": "2.4.1",
      "resolved": "https://registry.npmjs.org/core-js/-/core-js-2.4.1.tgz",
      "integrity": "sha1-TekR5mew6ukSTjQlS1OupvxhjT4=",
      "dev": true
    },
    "create-react-class": {
      "version": "15.6.0",
      "resolved": "https://registry.npmjs.org/create-react-class/-/create-react-class-15.6.0.tgz",
      "integrity": "sha1-q0SEl8JlZuHilBPogyB9V8/nvtQ=",
      "dev": true
    },
    "css-in-js-utils": {
      "version": "1.0.3",
      "resolved": "https://registry.npmjs.org/css-in-js-utils/-/css-in-js-utils-1.0.3.tgz",
      "integrity": "sha1-msfgL3Y8+F2UAXZmVl7WiltfMhU=",
      "dev": true
    },
    "debounce": {
      "version": "1.0.2",
      "resolved": "https://registry.npmjs.org/debounce/-/debounce-1.0.2.tgz",
      "integrity": "sha1-UDzGdNjX9zcJlmT7dd29NrlibcY=",
      "dev": true
    },
    "decamelize": {
      "version": "1.2.0",
      "resolved": "https://registry.npmjs.org/decamelize/-/decamelize-1.2.0.tgz",
      "integrity": "sha1-9lNNFRSCabIDUue+4m9QH5oZEpA=",
      "dev": true
    },
    "deep-assign": {
      "version": "2.0.0",
      "resolved": "https://registry.npmjs.org/deep-assign/-/deep-assign-2.0.0.tgz",
      "integrity": "sha1-6+BrHwfwja5ZdiDj3RYi83GhxXI=",
      "dev": true
    },
    "emojis-list": {
      "version": "2.1.0",
      "resolved": "https://registry.npmjs.org/emojis-list/-/emojis-list-2.1.0.tgz",
      "integrity": "sha1-TapNnbAPmBmIDHn6RXrlsJof04k=",
      "dev": true
    },
    "encoding": {
      "version": "0.1.12",
      "resolved": "https://registry.npmjs.org/encoding/-/encoding-0.1.12.tgz",
      "integrity": "sha1-U4tm8+5izRq1HsMjgp0flIDHS+s=",
      "dev": true
    },
    "error-ex": {
      "version": "1.3.1",
      "resolved": "https://registry.npmjs.org/error-ex/-/error-ex-1.3.1.tgz",
      "integrity": "sha1-+FWobOYa3E6GIcPNoh56dhLDqNw=",
      "dev": true
    },
    "fbjs": {
      "version": "0.8.12",
      "resolved": "https://registry.npmjs.org/fbjs/-/fbjs-0.8.12.tgz",
      "integrity": "sha1-ELXZL3bUVXX9Y6IX1OoCvqL47QQ=",
      "dev": true,
      "dependencies": {
        "core-js": {
          "version": "1.2.7",
          "resolved": "https://registry.npmjs.org/core-js/-/core-js-1.2.7.tgz",
          "integrity": "sha1-ZSKUwUZR2yj6k70tX/KYOk8IxjY=",
          "dev": true
        }
      }
    },
    "find-up": {
      "version": "1.1.2",
      "resolved": "https://registry.npmjs.org/find-up/-/find-up-1.1.2.tgz",
      "integrity": "sha1-ay6YIrGizgpgq2TWEOzK1TyyTQ8=",
      "dev": true
    },
    "get-caller-file": {
      "version": "1.0.2",
      "resolved": "https://registry.npmjs.org/get-caller-file/-/get-caller-file-1.0.2.tgz",
      "integrity": "sha1-9wLmMSfn4jHBYKgMFVSstw1QR+U=",
      "dev": true
    },
    "graceful-fs": {
      "version": "4.1.11",
      "resolved": "https://registry.npmjs.org/graceful-fs/-/graceful-fs-4.1.11.tgz",
      "integrity": "sha1-Dovf5NHduIVNZOBOp8AOKgJuVlg=",
      "dev": true
    },
    "hoist-non-react-statics": {
      "version": "1.2.0",
      "resolved": "https://registry.npmjs.org/hoist-non-react-statics/-/hoist-non-react-statics-1.2.0.tgz",
      "integrity": "sha1-qkSM8JhtVcxAdzsXF0t90GbLfPs=",
      "dev": true
    },
    "hosted-git-info": {
      "version": "2.5.0",
      "resolved": "https://registry.npmjs.org/hosted-git-info/-/hosted-git-info-2.5.0.tgz",
      "integrity": "sha512-pNgbURSuab90KbTqvRPsseaTxOJCZBD0a7t+haSN33piP9cCM4l0CqdzAif2hUqm716UovKB2ROmiabGAKVXyg==",
      "dev": true
    },
    "hyphenate-style-name": {
      "version": "1.0.2",
      "resolved": "https://registry.npmjs.org/hyphenate-style-name/-/hyphenate-style-name-1.0.2.tgz",
      "integrity": "sha1-MRYKNpMK2vH8BMYHT360FGXU7Es=",
      "dev": true
    },
    "iconv-lite": {
      "version": "0.4.18",
      "resolved": "https://registry.npmjs.org/iconv-lite/-/iconv-lite-0.4.18.tgz",
      "integrity": "sha512-sr1ZQph3UwHTR0XftSbK85OvBbxe/abLGzEnPENCQwmHf7sck8Oyu4ob3LgBxWWxRoM+QszeUyl7jbqapu2TqA==",
      "dev": true
    },
    "inline-style-prefixer": {
      "version": "3.0.6",
      "resolved": "https://registry.npmjs.org/inline-style-prefixer/-/inline-style-prefixer-3.0.6.tgz",
      "integrity": "sha1-sn/jCbQWijHq84yOjGCrnnwRcx8=",
      "dev": true
    },
    "invariant": {
      "version": "2.2.2",
      "resolved": "https://registry.npmjs.org/invariant/-/invariant-2.2.2.tgz",
      "integrity": "sha1-nh9WrArNtr8wMwbzOL47IErmA2A=",
      "dev": true
    },
    "invert-kv": {
      "version": "1.0.0",
      "resolved": "https://registry.npmjs.org/invert-kv/-/invert-kv-1.0.0.tgz",
      "integrity": "sha1-EEqOSqym09jNFXqO+L+rLXo//bY=",
      "dev": true
    },
    "is-arrayish": {
      "version": "0.2.1",
      "resolved": "https://registry.npmjs.org/is-arrayish/-/is-arrayish-0.2.1.tgz",
      "integrity": "sha1-d8mYQFJ6qOyxqLppe4BkWnqSap0=",
      "dev": true
    },
    "is-builtin-module": {
      "version": "1.0.0",
      "resolved": "https://registry.npmjs.org/is-builtin-module/-/is-builtin-module-1.0.0.tgz",
      "integrity": "sha1-VAVy0096wxGfj3bDDLwbHgN6/74=",
      "dev": true
    },
    "is-fullwidth-code-point": {
      "version": "1.0.0",
      "resolved": "https://registry.npmjs.org/is-fullwidth-code-point/-/is-fullwidth-code-point-1.0.0.tgz",
      "integrity": "sha1-754xOG8DGn8NZDr4L95QxFfvAMs=",
      "dev": true
    },
    "is-obj": {
      "version": "1.0.1",
      "resolved": "https://registry.npmjs.org/is-obj/-/is-obj-1.0.1.tgz",
      "integrity": "sha1-PkcprB9f3gJc19g6iW2rn09n2w8=",
      "dev": true
    },
    "is-stream": {
      "version": "1.1.0",
      "resolved": "https://registry.npmjs.org/is-stream/-/is-stream-1.1.0.tgz",
      "integrity": "sha1-EtSj3U5o4Lec6428hBc66A2RykQ=",
      "dev": true
    },
    "is-utf8": {
      "version": "0.2.1",
      "resolved": "https://registry.npmjs.org/is-utf8/-/is-utf8-0.2.1.tgz",
      "integrity": "sha1-Sw2hRCEE0bM2NA6AeX6GXPOffXI=",
      "dev": true
    },
    "isomorphic-fetch": {
      "version": "2.2.1",
      "resolved": "https://registry.npmjs.org/isomorphic-fetch/-/isomorphic-fetch-2.2.1.tgz",
      "integrity": "sha1-YRrhrPFPXoH3KVB0coGf6XM1WKk=",
      "dev": true
    },
    "js-tokens": {
      "version": "3.0.2",
      "resolved": "https://registry.npmjs.org/js-tokens/-/js-tokens-3.0.2.tgz",
      "integrity": "sha1-mGbfOVECEw449/mWvOtlRDIJwls=",
      "dev": true
    },
    "json5": {
      "version": "0.5.1",
      "resolved": "https://registry.npmjs.org/json5/-/json5-0.5.1.tgz",
      "integrity": "sha1-Hq3nrMASA0rYTiOWdn6tn6VJWCE=",
      "dev": true
    },
    "lcid": {
      "version": "1.0.0",
      "resolved": "https://registry.npmjs.org/lcid/-/lcid-1.0.0.tgz",
      "integrity": "sha1-MIrMr6C8SDo4Z7S28rlQYlHRuDU=",
      "dev": true
    },
    "load-json-file": {
      "version": "1.1.0",
      "resolved": "https://registry.npmjs.org/load-json-file/-/load-json-file-1.1.0.tgz",
      "integrity": "sha1-lWkFcI1YtLq0wiYbBPWfMcmTdMA=",
      "dev": true
    },
    "lodash": {
      "version": "4.17.4",
      "resolved": "https://registry.npmjs.org/lodash/-/lodash-4.17.4.tgz",
      "integrity": "sha1-eCA6TRwyiuHYbcpkYONptX9AVa4=",
      "dev": true
    },
    "loose-envify": {
      "version": "1.3.1",
      "resolved": "https://registry.npmjs.org/loose-envify/-/loose-envify-1.3.1.tgz",
      "integrity": "sha1-0aitM/qc4OcT1l/dCsi3SNR4yEg=",
      "dev": true
    },
    "mime": {
      "version": "1.3.6",
      "resolved": "https://registry.npmjs.org/mime/-/mime-1.3.6.tgz",
      "integrity": "sha1-WR2E02U6awtKO5343lqoEI5y5eA=",
      "dev": true
    },
    "node-fetch": {
      "version": "1.7.1",
      "resolved": "https://registry.npmjs.org/node-fetch/-/node-fetch-1.7.1.tgz",
      "integrity": "sha512-j8XsFGCLw79vWXkZtMSmmLaOk9z5SQ9bV/tkbZVCqvgwzrjAGq66igobLofHtF63NvMTp2WjytpsNTGKa+XRIQ==",
      "dev": true
    },
    "normalize-css-color": {
      "version": "1.0.2",
      "resolved": "https://registry.npmjs.org/normalize-css-color/-/normalize-css-color-1.0.2.tgz",
      "integrity": "sha1-Apkel8zOxmI/5XOvu/Deah8+n40=",
      "dev": true
    },
    "normalize-package-data": {
      "version": "2.4.0",
      "resolved": "https://registry.npmjs.org/normalize-package-data/-/normalize-package-data-2.4.0.tgz",
      "integrity": "sha512-9jjUFbTPfEy3R/ad/2oNbKtW9Hgovl5O1FvFWKkKblNXoN/Oou6+9+KKohPK13Yc3/TyunyWhJp6gvRNR/PPAw==",
      "dev": true
    },
    "number-is-nan": {
      "version": "1.0.1",
      "resolved": "https://registry.npmjs.org/number-is-nan/-/number-is-nan-1.0.1.tgz",
      "integrity": "sha1-CXtgK1NCKlIsGvuHkDGDNpQaAR0=",
      "dev": true
    },
    "object-assign": {
      "version": "4.1.1",
      "resolved": "https://registry.npmjs.org/object-assign/-/object-assign-4.1.1.tgz",
      "integrity": "sha1-IQmtx5ZYh8/AXLvUQsrIv7s2CGM=",
      "dev": true
    },
    "os-locale": {
      "version": "1.4.0",
      "resolved": "https://registry.npmjs.org/os-locale/-/os-locale-1.4.0.tgz",
      "integrity": "sha1-IPnxeuKe00XoveWDsT0gCYA8FNk=",
      "dev": true
    },
    "parse-json": {
      "version": "2.2.0",
      "resolved": "https://registry.npmjs.org/parse-json/-/parse-json-2.2.0.tgz",
      "integrity": "sha1-9ID0BDTvgHQfhGkJn43qGPVaTck=",
      "dev": true
    },
    "path-exists": {
      "version": "2.1.0",
      "resolved": "https://registry.npmjs.org/path-exists/-/path-exists-2.1.0.tgz",
      "integrity": "sha1-D+tsZPD8UY2adU3V77YscCJ2H0s=",
      "dev": true
    },
    "path-to-regexp": {
      "version": "https://registry.npmjs.org/path-to-regexp/-/path-to-regexp-1.7.0.tgz",
      "integrity": "sha1-Wf3g9DW62suhA6hOnTvGTpa5k30=",
      "dev": true,
      "dependencies": {
        "isarray": {
          "version": "https://registry.npmjs.org/isarray/-/isarray-0.0.1.tgz",
          "integrity": "sha1-ihis/Kmo9Bd+Cav8YDiTmwXR7t8=",
          "dev": true
        }
      }
    },
    "path-type": {
      "version": "1.1.0",
      "resolved": "https://registry.npmjs.org/path-type/-/path-type-1.1.0.tgz",
      "integrity": "sha1-WcRPfuSR2nBNpBXaWkBwuk+P5EE=",
      "dev": true
    },
    "pify": {
      "version": "2.3.0",
      "resolved": "https://registry.npmjs.org/pify/-/pify-2.3.0.tgz",
      "integrity": "sha1-7RQaasBDqEnqWISY59yosVMw6Qw=",
      "dev": true
    },
    "pinkie": {
      "version": "2.0.4",
      "resolved": "https://registry.npmjs.org/pinkie/-/pinkie-2.0.4.tgz",
      "integrity": "sha1-clVrgM+g1IqXToDnckjoDtT3+HA=",
      "dev": true
    },
    "pinkie-promise": {
      "version": "2.0.1",
      "resolved": "https://registry.npmjs.org/pinkie-promise/-/pinkie-promise-2.0.1.tgz",
      "integrity": "sha1-ITXW36ejWMBprJsXh3YogihFD/o=",
      "dev": true
    },
    "promise": {
      "version": "7.3.1",
      "resolved": "https://registry.npmjs.org/promise/-/promise-7.3.1.tgz",
      "integrity": "sha512-nolQXZ/4L+bP/UGlkfaIujX9BKxGwmQ9OT4mOt5yvy8iK1h3wqTEJCijzGANTCCl9nWjY41juyAn2K3Q1hLLTg==",
      "dev": true
    },
    "prop-types": {
      "version": "15.5.10",
      "resolved": "https://registry.npmjs.org/prop-types/-/prop-types-15.5.10.tgz",
      "integrity": "sha1-J5ffwxJhguOpXj37suiT3ddFYVQ=",
      "dev": true
    },
    "react-native-dismiss-keyboard": {
      "version": "https://registry.npmjs.org/react-native-dismiss-keyboard/-/react-native-dismiss-keyboard-1.0.0.tgz",
      "integrity": "sha1-MohiQrPyMX4SHzrrmwpYXiuHm0k=",
      "dev": true
    },
    "react-native-drawer": {
      "version": "https://registry.npmjs.org/react-native-drawer/-/react-native-drawer-2.3.0.tgz",
      "integrity": "sha1-oDaeyA/wthyfFS296pH+dshDETo="
    },
    "react-native-drawer-layout": {
      "version": "https://registry.npmjs.org/react-native-drawer-layout/-/react-native-drawer-layout-1.2.0.tgz",
      "integrity": "sha1-ridO4X+tzljZ1+zvR5fZ+tZyr3Q=",
      "dev": true
    },
    "react-native-drawer-layout-polyfill": {
      "version": "https://registry.npmjs.org/react-native-drawer-layout-polyfill/-/react-native-drawer-layout-polyfill-1.2.0.tgz",
      "integrity": "sha1-DXe9OviWT/5/0PH2VQ1r4yiltWc=",
      "dev": true
    },
    "react-native-slider": {
      "version": "https://registry.npmjs.org/react-native-slider/-/react-native-slider-0.10.0.tgz",
      "integrity": "sha1-Q94hoEQqj4Fj9DGIb1K89K2gT9k=",
      "dev": true
    },
    "react-native-vector-icons": {
      "version": "git://github.com/cloudle/react-native-vector-icons.git#25ccab57076d494134c8d45c8e0d2a501cf713b8",
      "integrity": "sha1-pJ94DaV7s3d3DwdDGU2W0cd53h4=",
      "dev": true
    },
    "react-native-web": {
      "version": "0.0.108",
      "resolved": "https://registry.npmjs.org/react-native-web/-/react-native-web-0.0.108.tgz",
      "integrity": "sha1-41/PQQqvsBL5o4GiQ005atl/MRM=",
      "dev": true
    },
    "react-navigation": {
      "version": "git://github.com/cloudle/react-navigation.git#4528b5a9d82ed14e7d4d3ee7ec4f08aefec22b4d",
      "integrity": "sha1-cJ7CixNvXsh+1v5BuomQFGfHINI=",
      "dev": true,
      "dependencies": {
        "react-native-tab-view": {
          "version": "https://registry.npmjs.org/react-native-tab-view/-/react-native-tab-view-0.0.61.tgz",
          "integrity": "sha1-n1RGya0zFYuH8LzPUAT7/3nKH5I=",
          "dev": true
        }
      }
    },
    "react-timer-mixin": {
      "version": "0.13.3",
      "resolved": "https://registry.npmjs.org/react-timer-mixin/-/react-timer-mixin-0.13.3.tgz",
      "integrity": "sha1-Dai5+AfsB9w+hU0ILHN8ZWBbPSI=",
      "dev": true
    },
    "read-pkg": {
      "version": "1.1.0",
      "resolved": "https://registry.npmjs.org/read-pkg/-/read-pkg-1.1.0.tgz",
      "integrity": "sha1-9f+qXs0pyzHAR0vKfXVra7KePyg=",
      "dev": true
    },
    "read-pkg-up": {
      "version": "1.0.1",
      "resolved": "https://registry.npmjs.org/read-pkg-up/-/read-pkg-up-1.0.1.tgz",
      "integrity": "sha1-nWPBMnbAZZGNV/ACpX9AobZD+wI=",
      "dev": true
    },
    "regenerator-runtime": {
      "version": "0.10.5",
      "resolved": "https://registry.npmjs.org/regenerator-runtime/-/regenerator-runtime-0.10.5.tgz",
      "integrity": "sha1-M2w+/BIgrc7dosn6tntaeVWjNlg=",
      "dev": true
    },
    "require-directory": {
      "version": "2.1.1",
      "resolved": "https://registry.npmjs.org/require-directory/-/require-directory-2.1.1.tgz",
      "integrity": "sha1-jGStX9MNqxyXbiNE/+f3kqam30I=",
      "dev": true
    },
    "require-main-filename": {
      "version": "1.0.1",
      "resolved": "https://registry.npmjs.org/require-main-filename/-/require-main-filename-1.0.1.tgz",
      "integrity": "sha1-l/cXtp1IeE9fUmpsWqj/3aBVpNE=",
      "dev": true
    },
    "semver": {
      "version": "5.3.0",
      "resolved": "https://registry.npmjs.org/semver/-/semver-5.3.0.tgz",
      "integrity": "sha1-myzl094C0XxgEq0yaqa00M9U+U8=",
      "dev": true
    },
    "set-blocking": {
      "version": "2.0.0",
      "resolved": "https://registry.npmjs.org/set-blocking/-/set-blocking-2.0.0.tgz",
      "integrity": "sha1-BF+XgtARrppoA93TgrJDkrPYkPc=",
      "dev": true
    },
    "setimmediate": {
      "version": "1.0.5",
      "resolved": "https://registry.npmjs.org/setimmediate/-/setimmediate-1.0.5.tgz",
      "integrity": "sha1-KQy7Iy4waULX1+qbg3Mqt4VvgoU=",
      "dev": true
    },
    "spdx-correct": {
      "version": "1.0.2",
      "resolved": "https://registry.npmjs.org/spdx-correct/-/spdx-correct-1.0.2.tgz",
      "integrity": "sha1-SzBz2TP/UfORLwOsVRlJikFQ20A=",
      "dev": true
    },
    "spdx-expression-parse": {
      "version": "1.0.4",
      "resolved": "https://registry.npmjs.org/spdx-expression-parse/-/spdx-expression-parse-1.0.4.tgz",
      "integrity": "sha1-m98vIOH0DtRH++JzJmGR/O1RYmw=",
      "dev": true
    },
    "spdx-license-ids": {
      "version": "1.2.2",
      "resolved": "https://registry.npmjs.org/spdx-license-ids/-/spdx-license-ids-1.2.2.tgz",
      "integrity": "sha1-yd96NCRZSt5r0RkA1ZZpbcBrrFc=",
      "dev": true
    },
    "string-width": {
      "version": "1.0.2",
      "resolved": "https://registry.npmjs.org/string-width/-/string-width-1.0.2.tgz",
      "integrity": "sha1-EYvfW4zcUaKn5w0hHgfisLmxB9M=",
      "dev": true
    },
    "strip-ansi": {
      "version": "3.0.1",
      "resolved": "https://registry.npmjs.org/strip-ansi/-/strip-ansi-3.0.1.tgz",
      "integrity": "sha1-ajhfuIU9lS1f8F0Oiq+UJ43GPc8=",
      "dev": true
    },
    "strip-bom": {
      "version": "2.0.0",
      "resolved": "https://registry.npmjs.org/strip-bom/-/strip-bom-2.0.0.tgz",
      "integrity": "sha1-YhmoVhZSBJHzV4i9vxRHqZx+aw4=",
      "dev": true
    },
    "tween-functions": {
      "version": "https://registry.npmjs.org/tween-functions/-/tween-functions-1.2.0.tgz",
      "integrity": "sha1-GuOlDnxguz3vd06scHrLynO7w/8="
    },
    "ua-parser-js": {
      "version": "0.7.13",
      "resolved": "https://registry.npmjs.org/ua-parser-js/-/ua-parser-js-0.7.13.tgz",
      "integrity": "sha1-zZ3S+GSTs/RNvu7zeA/adMXuFL4=",
      "dev": true
    },
    "url-loader": {
      "version": "https://registry.npmjs.org/url-loader/-/url-loader-0.5.8.tgz",
      "integrity": "sha1-uRg7GAHg+EdxhnNnMEC8ncHHFcU=",
      "dev": true,
      "dependencies": {
        "loader-utils": {
          "version": "https://registry.npmjs.org/loader-utils/-/loader-utils-1.1.0.tgz",
          "integrity": "sha1-yYrvSIvM7aL/teLeZG1qdUQp9c0=",
          "dev": true
        }
      }
    },
    "validate-npm-package-license": {
      "version": "3.0.1",
      "resolved": "https://registry.npmjs.org/validate-npm-package-license/-/validate-npm-package-license-3.0.1.tgz",
      "integrity": "sha1-KAS6vnEq0zeUWaz74kdGqywwP7w=",
      "dev": true
    },
    "whatwg-fetch": {
      "version": "2.0.3",
      "resolved": "https://registry.npmjs.org/whatwg-fetch/-/whatwg-fetch-2.0.3.tgz",
      "integrity": "sha1-nITsLc9oGH/wC8ZOEnS0QhduHIQ=",
      "dev": true
    },
    "which-module": {
      "version": "1.0.0",
      "resolved": "https://registry.npmjs.org/which-module/-/which-module-1.0.0.tgz",
      "integrity": "sha1-u6Y8qGGUiZT/MHc2CJ47lgJsKk8=",
      "dev": true
    },
    "wrap-ansi": {
      "version": "2.1.0",
      "resolved": "https://registry.npmjs.org/wrap-ansi/-/wrap-ansi-2.1.0.tgz",
      "integrity": "sha1-2Pw9KE3QV5T+hJc8rs3Rz4JP3YU=",
      "dev": true
    },
    "y18n": {
      "version": "3.2.1",
      "resolved": "https://registry.npmjs.org/y18n/-/y18n-3.2.1.tgz",
      "integrity": "sha1-bRX7qITAhnnA136I53WegR4H+kE=",
      "dev": true
    },
    "yargs": {
      "version": "6.6.0",
      "resolved": "https://registry.npmjs.org/yargs/-/yargs-6.6.0.tgz",
      "integrity": "sha1-eC7CHvQDNF+DCoCMo9UTr1YGUgg=",
      "dev": true
    },
    "yargs-parser": {
      "version": "4.2.1",
      "resolved": "https://registry.npmjs.org/yargs-parser/-/yargs-parser-4.2.1.tgz",
      "integrity": "sha1-KczqwNxPA8bIe0qfIX3RjJ90hxw=",
      "dev": true
    }
  }
}
